# This file is autogenerated, do not edit; changes may be undone by the next 'dep ensure'.


[[projects]]
  name = "github.com/ethereum/go-ethereum"
  packages = [
    "common",
    "common/hexutil",
    "crypto/sha3"
  ]
  revision = "4bb3c89d44e372e6a9ab85a8be0c9345265c763a"
  version = "v1.7.3"

[solve-meta]
  analyzer-name = "dep"
  analyzer-version = 1
  inputs-digest = "35679414bc68f59225d1fe5d322bc65b836edf89fb152f0ee57583170dd67da2"
  solver-name = "gps-cdcl"
  solver-version = 1
